
Microsoft Visual Studio Solution File, Format Version 12.00
# Visual Studio 14
VisualStudioVersion = 14.0.25420.1
MinimumVisualStudioVersion = 10.0.40219.1
Project("{8BC9CEB8-8B4A-11D0-8D11-00A0C91BC942}") = "LRAddrInfo", "LRAddrInfo\LRAddrInfo.vcxproj", "{0C51F64D-D87E-4751-81AA-48C4A4A46C7A}"
EndProject
Project("{8BC9CEB8-8B4A-11D0-8D11-00A0C91BC942}") = "LRAddrInfoApp", "LRAddrInfoApp\LRAddrInfoApp.vcxproj", "{DC7D2282-C480-4FA6-9238-BD6F7D3CB6D3}"
EndProject
Project("{8BC9CEB8-8B4A-11D0-8D11-00A0C91BC942}") = "LRReplace", "LRReplace\LRReplace.vcxproj", "{05B4D2BC-0DDF-44F1-A831-D618584B443A}"
EndProject
Project("{8BC9CEB8-8B4A-11D0-8D11-00A0C91BC942}") = "LRReplaceApp", "LRReplaceApp\LRReplaceApp.vcxproj", "{722F743E-F359-4A6D-8E38-DA4BA2F71C69}"
EndProject
Global
	GlobalSection(SolutionConfigurationPlatforms) = preSolution
		Debug|x64 = Debug|x64
		Debug|x86 = Debug|x86
		Release|x64 = Release|x64
		Release|x86 = Release|x86
	EndGlobalSection
	GlobalSection(ProjectConfigurationPlatforms) = postSolution
		{0C51F64D-D87E-4751-81AA-48C4A4A46C7A}.Debug|x64.ActiveCfg = Debug|x64
		{0C51F64D-D87E-4751-81AA-48C4A4A46C7A}.Debug|x64.Build.0 = Debug|x64
		{0C51F64D-D87E-4751-81AA-48C4A4A46C7A}.Debug|x86.ActiveCfg = Debug|Win32
		{0C51F64D-D87E-4751-81AA-48C4A4A46C7A}.Debug|x86.Build.0 = Debug|Win32
		{0C51F64D-D87E-4751-81AA-48C4A4A46C7A}.Release|x64.ActiveCfg = Release|x64
		{0C51F64D-D87E-4751-81AA-48C4A4A46C7A}.Release|x64.Build.0 = Release|x64
		{0C51F64D-D87E-4751-81AA-48C4A4A46C7A}.Release|x86.ActiveCfg = Release|Win32
		{0C51F64D-D87E-4751-81AA-48C4A4A46C7A}.Release|x86.Build.0 = Release|Win32
		{DC7D2282-C480-4FA6-9238-BD6F7D3CB6D3}.Debug|x64.ActiveCfg = Debug|x64
		{DC7D2282-C480-4FA6-9238-BD6F7D3CB6D3}.Debug|x64.Build.0 = Debug|x64
		{DC7D2282-C480-4FA6-9238-BD6F7D3CB6D3}.Debug|x86.ActiveCfg = Debug|Win32
		{DC7D2282-C480-4FA6-9238-BD6F7D3CB6D3}.Debug|x86.Build.0 = Debug|Win32
		{DC7D2282-C480-4FA6-9238-BD6F7D3CB6D3}.Release|x64.ActiveCfg = Release|x64
		{DC7D2282-C480-4FA6-9238-BD6F7D3CB6D3}.Release|x64.Build.0 = Release|x64
		{DC7D2282-C480-4FA6-9238-BD6F7D3CB6D3}.Release|x86.ActiveCfg = Release|Win32
		{DC7D2282-C480-4FA6-9238-BD6F7D3CB6D3}.Release|x86.Build.0 = Release|Win32
		{05B4D2BC-0DDF-44F1-A831-D618584B443A}.Debug|x64.ActiveCfg = Debug|x64
		{05B4D2BC-0DDF-44F1-A831-D618584B443A}.Debug|x64.Build.0 = Debug|x64
		{05B4D2BC-0DDF-44F1-A831-D618584B443A}.Debug|x86.ActiveCfg = Debug|Win32
		{05B4D2BC-0DDF-44F1-A831-D618584B443A}.Debug|x86.Build.0 = Debug|Win32
		{05B4D2BC-0DDF-44F1-A831-D618584B443A}.Release|x64.ActiveCfg = Release|x64
		{05B4D2BC-0DDF-44F1-A831-D618584B443A}.Release|x64.Build.0 = Release|x64
		{05B4D2BC-0DDF-44F1-A831-D618584B443A}.Release|x86.ActiveCfg = Release|Win32
		{05B4D2BC-0DDF-44F1-A831-D618584B443A}.Release|x86.Build.0 = Release|Win32
		{722F743E-F359-4A6D-8E38-DA4BA2F71C69}.Debug|x64.ActiveCfg = Debug|x64
		{722F743E-F359-4A6D-8E38-DA4BA2F71C69}.Debug|x64.Build.0 = Debug|x64
		{722F743E-F359-4A6D-8E38-DA4BA2F71C69}.Debug|x86.ActiveCfg = Debug|Win32
		{722F743E-F359-4A6D-8E38-DA4BA2F71C69}.Debug|x86.Build.0 = Debug|Win32
		{722F743E-F359-4A6D-8E38-DA4BA2F71C69}.Release|x64.ActiveCfg = Release|x64
		{722F743E-F359-4A6D-8E38-DA4BA2F71C69}.Release|x64.Build.0 = Release|x64
		{722F743E-F359-4A6D-8E38-DA4BA2F71C69}.Release|x86.ActiveCfg = Release|Win32
		{722F743E-F359-4A6D-8E38-DA4BA2F71C69}.Release|x86.Build.0 = Release|Win32
	EndGlobalSection
	GlobalSection(SolutionProperties) = preSolution
		HideSolutionNode = FALSE
	EndGlobalSection
EndGlobal
